// !$*UTF8*$!
{
	archiveVersion = 1;
	classes = {
	};
	objectVersion = 50;
	objects = {

/* Begin PBXBuildFile section */
		265A1C5D209546EE00E33185 /* PostVC.swift in Sources */ = {isa = PBXBuildFile; fileRef = 265A1C5C209546EE00E33185 /* PostVC.swift */; };
		26BE76E02094033B00C34B71 /* AppDelegate.swift in Sources */ = {isa = PBXBuildFile; fileRef = 26BE76DF2094033B00C34B71 /* AppDelegate.swift */; };
		26BE76E22094033B00C34B71 /* NewsVC.swift in Sources */ = {isa = PBXBuildFile; fileRef = 26BE76E12094033B00C34B71 /* NewsVC.swift */; };
		26BE76E52094033B00C34B71 /* Main.storyboard in Resources */ = {isa = PBXBuildFile; fileRef = 26BE76E32094033B00C34B71 /* Main.storyboard */; };
		26BE76E72094034700C34B71 /* Assets.xcassets in Resources */ = {isa = PBXBuildFile; fileRef = 26BE76E62094034700C34B71 /* Assets.xcassets */; };
		26BE76EA2094034700C34B71 /* LaunchScreen.storyboard in Resources */ = {isa = PBXBuildFile; fileRef = 26BE76E82094034700C34B71 /* LaunchScreen.storyboard */; };
		26BE76F22094138D00C34B71 /* newsCellz.swift in Sources */ = {isa = PBXBuildFile; fileRef = 26BE76F12094138D00C34B71 /* newsCellz.swift */; };
		26E573D8209478A600EA9571 /* MinipostModel.swift in Sources */ = {isa = PBXBuildFile; fileRef = 26E573D7209478A500EA9571 /* MinipostModel.swift */; };
		6ABA4A9B662BCDB9E73C2BF7 /* Pods_News_Feed.framework in Frameworks */ = {isa = PBXBuildFile; fileRef = 63D1B9A097717867D37533D4 /* Pods_News_Feed.framework */; };
/* End PBXBuildFile section */

/* Begin PBXFileReference section */
		0EBE1CA19F6DF0AA56487FC8 /* Pods-News Feed.release.xcconfig */ = {isa = PBXFileReference; includeInIndex = 1; lastKnownFileType = text.xcconfig; name = "Pods-News Feed.release.xcconfig"; path = "Pods/Target Support Files/Pods-News Feed/Pods-News Feed.release.xcconfig"; sourceTree = "<group>"; };
		265A1C5C209546EE00E33185 /* PostVC.swift */ = {isa = PBXFileReference; lastKnownFileType = sourcecode.swift; path = PostVC.swift; sourceTree = "<group>"; };
		26BE76DC2094033B00C34B71 /* News Feed.app */ = {isa = PBXFileReference; explicitFileType = wrapper.application; includeInIndex = 0; path = "News Feed.app"; sourceTree = BUILT_PRODUCTS_DIR; };
		26BE76DF2094033B00C34B71 /* AppDelegate.swift */ = {isa = PBXFileReference; lastKnownFileType = sourcecode.swift; path = AppDelegate.swift; sourceTree = "<group>"; };
		26BE76E12094033B00C34B71 /* NewsVC.swift */ = {isa = PBXFileReference; lastKnownFileType = sourcecode.swift; path = NewsVC.swift; sourceTree = "<group>"; };
		26BE76E42094033B00C34B71 /* Base */ = {isa = PBXFileReference; lastKnownFileType = file.storyboard; name = Base; path = Base.lproj/Main.storyboard; sourceTree = "<group>"; };
		26BE76E62094034700C34B71 /* Assets.xcassets */ = {isa = PBXFileReference; lastKnownFileType = folder.assetcatalog; path = Assets.xcassets; sourceTree = "<group>"; };
		26BE76E92094034700C34B71 /* Base */ = {isa = PBXFileReference; lastKnownFileType = file.storyboard; name = Base; path = Base.lproj/LaunchScreen.storyboard; sourceTree = "<group>"; };
		26BE76EB2094034700C34B71 /* Info.plist */ = {isa = PBXFileReference; lastKnownFileType = text.plist.xml; path = Info.plist; sourceTree = "<group>"; };
		26BE76F12094138D00C34B71 /* newsCellz.swift */ = {isa = PBXFileReference; lastKnownFileType = sourcecode.swift; path = newsCellz.swift; sourceTree = "<group>"; };
		26E573D7209478A500EA9571 /* MinipostModel.swift */ = {isa = PBXFileReference; fileEncoding = 4; lastKnownFileType = sourcecode.swift; path = MinipostModel.swift; sourceTree = "<group>"; };
		63D1B9A097717867D37533D4 /* Pods_News_Feed.framework */ = {isa = PBXFileReference; explicitFileType = wrapper.framework; includeInIndex = 0; path = Pods_News_Feed.framework; sourceTree = BUILT_PRODUCTS_DIR; };
		752E73323600171D72B7489D /* Pods-News Feed.debug.xcconfig */ = {isa = PBXFileReference; includeInIndex = 1; lastKnownFileType = text.xcconfig; name = "Pods-News Feed.debug.xcconfig"; path = "Pods/Target Support Files/Pods-News Feed/Pods-News Feed.debug.xcconfig"; sourceTree = "<group>"; };
/* End PBXFileReference section */

/* Begin PBXFrameworksBuildPhase section */
		26BE76D92094033B00C34B71 /* Frameworks */ = {
			isa = PBXFrameworksBuildPhase;
			buildActionMask = 2147483647;
			files = (
				6ABA4A9B662BCDB9E73C2BF7 /* Pods_News_Feed.framework in Frameworks */,
			);
			runOnlyForDeploymentPostprocessing = 0;
		};
/* End PBXFrameworksBuildPhase section */

/* Begin PBXGroup section */
		265A1C5E209546F600E33185 /* Models */ = {
			isa = PBXGroup;
			children = (
				26E573D7209478A500EA9571 /* MinipostModel.swift */,
			);
			path = Models;
			sourceTree = "<group>";
		};
		265A1C5F2095470D00E33185 /* Views */ = {
			isa = PBXGroup;
			children = (
				26BE76E12094033B00C34B71 /* NewsVC.swift */,
				265A1C5C209546EE00E33185 /* PostVC.swift */,
			);
			path = Views;
			sourceTree = "<group>";
		};
		26BE76D32094033B00C34B71 = {
			isa = PBXGroup;
			children = (
				26BE76DE2094033B00C34B71 /* News Feed */,
				26BE76DD2094033B00C34B71 /* Products */,
				7E4A150B59A6985D99BBD004 /* Pods */,
				B204D77C1712922F860C0FA1 /* Frameworks */,
			);
			sourceTree = "<group>";
		};
		26BE76DD2094033B00C34B71 /* Products */ = {
			isa = PBXGroup;
			children = (
				26BE76DC2094033B00C34B71 /* News Feed.app */,
			);
			name = Products;
			sourceTree = "<group>";
		};
		26BE76DE2094033B00C34B71 /* News Feed */ = {
			isa = PBXGroup;
			children = (
				265A1C5F2095470D00E33185 /* Views */,
				265A1C5E209546F600E33185 /* Models */,
				26BE76DF2094033B00C34B71 /* AppDelegate.swift */,
				26BE76F12094138D00C34B71 /* newsCellz.swift */,
				26BE76E32094033B00C34B71 /* Main.storyboard */,
				26BE76E62094034700C34B71 /* Assets.xcassets */,
				26BE76E82094034700C34B71 /* LaunchScreen.storyboard */,
				26BE76EB2094034700C34B71 /* Info.plist */,
			);
			path = "News Feed";
			sourceTree = "<group>";
		};
		7E4A150B59A6985D99BBD004 /* Pods */ = {
			isa = PBXGroup;
			children = (
				752E73323600171D72B7489D /* Pods-News Feed.debug.xcconfig */,
				0EBE1CA19F6DF0AA56487FC8 /* Pods-News Feed.release.xcconfig */,
			);
			name = Pods;
			sourceTree = "<group>";
		};
		B204D77C1712922F860C0FA1 /* Frameworks */ = {
			isa = PBXGroup;
			children = (
				63D1B9A097717867D37533D4 /* Pods_News_Feed.framework */,
			);
			name = Frameworks;
			sourceTree = "<group>";
		};
/* End PBXGroup section */

/* Begin PBXNativeTarget section */
		26BE76DB2094033B00C34B71 /* News Feed */ = {
			isa = PBXNativeTarget;
			buildConfigurationList = 26BE76EE2094034700C34B71 /* Build configuration list for PBXNativeTarget "News Feed" */;
			buildPhases = (
				20ED38DA1AD3BBE119C7E613 /* [CP] Check Pods Manifest.lock */,
				26BE76D82094033B00C34B71 /* Sources */,
				26BE76D92094033B00C34B71 /* Frameworks */,
				26BE76DA2094033B00C34B71 /* Resources */,
				CF7FD556CCDE8E66D7C04B41 /* [CP] Embed Pods Frameworks */,
			);
			buildRules = (
			);
			dependencies = (
			);
			name = "News Feed";
			productName = "News Feed";
			productReference = 26BE76DC2094033B00C34B71 /* News Feed.app */;
			productType = "com.apple.product-type.application";
		};
/* End PBXNativeTarget section */

/* Begin PBXProject section */
		26BE76D42094033B00C34B71 /* Project object */ = {
			isa = PBXProject;
			attributes = {
				LastSwiftUpdateCheck = 0930;
				LastUpgradeCheck = 0930;
				ORGANIZATIONNAME = "Ahmed Eltabbal";
				TargetAttributes = {
					26BE76DB2094033B00C34B71 = {
						CreatedOnToolsVersion = 9.3;
						LastSwiftMigration = 1010;
						ProvisioningStyle = Automatic;
					};
				};
			};
			buildConfigurationList = 26BE76D72094033B00C34B71 /* Build configuration list for PBXProject "News Feed" */;
			compatibilityVersion = "Xcode 9.3";
			developmentRegion = en;
			hasScannedForEncodings = 0;
			knownRegions = (
				en,
				Base,
			);
			mainGroup = 26BE76D32094033B00C34B71;
			productRefGroup = 26BE76DD2094033B00C34B71 /* Products */;
			projectDirPath = "";
			projectRoot = "";
			targets = (
				26BE76DB2094033B00C34B71 /* News Feed */,
			);
		};
/* End PBXProject section */

/* Begin PBXResourcesBuildPhase section */
		26BE76DA2094033B00C34B71 /* Resources */ = {
			isa = PBXResourcesBuildPhase;
			buildActionMask = 2147483647;
			files = (
				26BE76EA2094034700C34B71 /* LaunchScreen.storyboard in Resources */,
				26BE76E72094034700C34B71 /* Assets.xcassets in Resources */,
				26BE76E52094033B00C34B71 /* Main.storyboard in Resources */,
			);
			runOnlyForDeploymentPostprocessing = 0;
		};
/* End PBXResourcesBuildPhase section */

/* Begin PBXShellScriptBuildPhase section */
		20ED38DA1AD3BBE119C7E613 /* [CP] Check Pods Manifest.lock */ = {
			isa = PBXShellScriptBuildPhase;
			buildActionMask = 2147483647;
			files = (
			);
			inputPaths = (
				"${PODS_PODFILE_DIR_PATH}/Podfile.lock",
				"${PODS_ROOT}/Manifest.lock",
			);
			name = "[CP] Check Pods Manifest.lock";
			outputPaths = (
				"$(DERIVED_FILE_DIR)/Pods-News Feed-checkManifestLockResult.txt",
			);
			runOnlyForDeploymentPostprocessing = 0;
			shellPath = /bin/sh;
			shellScript = "diff \"${PODS_PODFILE_DIR_PATH}/Podfile.lock\" \"${PODS_ROOT}/Manifest.lock\" > /dev/null\nif [ $? != 0 ] ; then\n    # print error to STDERR\n    echo \"error: The sandbox is not in sync with the Podfile.lock. Run 'pod install' or update your CocoaPods installation.\" >&2\n    exit 1\nfi\n# This output is used by Xcode 'outputs' to avoid re-running this script phase.\necho \"SUCCESS\" > \"${SCRIPT_OUTPUT_FILE_0}\"\n";
			showEnvVarsInLog = 0;
		};
		CF7FD556CCDE8E66D7C04B41 /* [CP] Embed Pods Frameworks */ = {
			isa = PBXShellScriptBuildPhase;
			buildActionMask = 2147483647;
			files = (
			);
			inputPaths = (
				"${SRCROOT}/Pods/Target Support Files/Pods-News Feed/Pods-News Feed-frameworks.sh",
				"${BUILT_PRODUCTS_DIR}/Alamofire/Alamofire.framework",
				"${BUILT_PRODUCTS_DIR}/SVProgressHUD/SVProgressHUD.framework",
			);
			name = "[CP] Embed Pods Frameworks";
			outputPaths = (
				"${TARGET_BUILD_DIR}/${FRAMEWORKS_FOLDER_PATH}/Alamofire.framework",
				"${TARGET_BUILD_DIR}/${FRAMEWORKS_FOLDER_PATH}/SVProgressHUD.framework",
			);
			runOnlyForDeploymentPostprocessing = 0;
			shellPath = /bin/sh;
			shellScript = "\"${SRCROOT}/Pods/Target Support Files/Pods-News Feed/Pods-News Feed-frameworks.sh\"\n";
			showEnvVarsInLog = 0;
		};
/* End PBXShellScriptBuildPhase section */

/* Begin PBXSourcesBuildPhase section */
		26BE76D82094033B00C34B71 /* Sources */ = {
			isa = PBXSourcesBuildPhase;
			buildActionMask = 2147483647;
			files = (
				265A1C5D209546EE00E33185 /* PostVC.swift in Sources */,
				26BE76F22094138D00C34B71 /* newsCellz.swift in Sources */,
				26BE76E22094033B00C34B71 /* NewsVC.swift in Sources */,
				26E573D8209478A600EA9571 /* MinipostModel.swift in Sources */,
				26BE76E02094033B00C34B71 /* AppDelegate.swift in Sources */,
			);
			runOnlyForDeploymentPostprocessing = 0;
		};
/* End PBXSourcesBuildPhase section */

/* Begin PBXVariantGroup section */
		26BE76E32094033B00C34B71 /* Main.storyboard */ = {
			isa = PBXVariantGroup;
			children = (
				26BE76E42094033B00C34B71 /* Base */,
			);
			name = Main.storyboard;
			sourceTree = "<group>";
		};
		26BE76E82094034700C34B71 /* LaunchScreen.storyboard */ = {
			isa = PBXVariantGroup;
			children = (
				26BE76E92094034700C34B71 /* Base */,
			);
			name = LaunchScreen.storyboard;
			sourceTree = "<group>";
		};
/* End PBXVariantGroup section */

/* Begin XCBuildConfiguration section */
		26BE76EC2094034700C34B71 /* Debug */ = {
			isa = XCBuildConfiguration;
			buildSettings = {
				ALWAYS_SEARCH_USER_PATHS = NO;
				CLANG_ANALYZER_NONNULL = YES;
				CLANG_ANALYZER_NUMBER_OBJECT_CONVERSION = YES_AGGRESSIVE;
				CLANG_CXX_LANGUAGE_STANDARD = "gnu++14";
				CLANG_CXX_LIBRARY = "libc++";
				CLANG_ENABLE_MODULES = YES;
				CLANG_ENABLE_OBJC_ARC = YES;
				CLANG_ENABLE_OBJC_WEAK = YES;
				CLANG_WARN_BLOCK_CAPTURE_AUTORELEASING = YES;
				CLANG_WARN_BOOL_CONVERSION = YES;
				CLANG_WARN_COMMA = YES;
				CLANG_WARN_CONSTANT_CONVERSION = YES;
				CLANG_WARN_DEPRECATED_OBJC_IMPLEMENTATIONS = YES;
				CLANG_WARN_DIRECT_OBJC_ISA_USAGE = YES_ERROR;
				CLANG_WARN_DOCUMENTATION_COMMENTS = YES;
				CLANG_WARN_EMPTY_BODY = YES;
				CLANG_WARN_ENUM_CONVERSION = YES;
				CLANG_WARN_INFINITE_RECURSION = YES;
				CLANG_WARN_INT_CONVERSION = YES;
				CLANG_WARN_NON_LITERAL_NULL_CONVERSION = YES;
				CLANG_WARN_OBJC_IMPLICIT_RETAIN_SELF = YES;
				CLANG_WARN_OBJC_LITERAL_CONVERSION = YES;
				CLANG_WARN_OBJC_ROOT_CLASS = YES_ERROR;
				CLANG_WARN_RANGE_LOOP_ANALYSIS = YES;
				CLANG_WARN_STRICT_PROTOTYPES = YES;
				CLANG_WARN_SUSPICIOUS_MOVE = YES;
				CLANG_WARN_UNGUARDED_AVAILABILITY = YES_AGGRESSIVE;
				CLANG_WARN_UNREACHABLE_CODE = YES;
				CLANG_WARN__DUPLICATE_METHOD_MATCH = YES;
				CODE_SIGN_IDENTITY = "iPhone Developer";
				COPY_PHASE_STRIP = NO;
				DEBUG_INFORMATION_FORMAT = dwarf;
				ENABLE_STRICT_OBJC_MSGSEND = YES;
				ENABLE_TESTABILITY = YES;
				GCC_C_LANGUAGE_STANDARD = gnu11;
				GCC_DYNAMIC_NO_PIC = NO;
				GCC_NO_COMMON_BLOCKS = YES;
				GCC_OPTIMIZATION_LEVEL = 0;
				GCC_PREPROCESSOR_DEFINITIONS = (
					"DEBUG=1",
					"$(inherited)",
				);
				GCC_WARN_64_TO_32_BIT_CONVERSION = YES;
				GCC_WARN_ABOUT_RETURN_TYPE = YES_ERROR;
				GCC_WARN_UNDECLARED_SELECTOR = YES;
				GCC_WARN_UNINITIALIZED_AUTOS = YES_AGGRESSIVE;
				GCC_WARN_UNUSED_FUNCTION = YES;
				GCC_WARN_UNUSED_VARIABLE = YES;
				IPHONEOS_DEPLOYMENT_TARGET = 11.3;
				MTL_ENABLE_DEBUG_INFO = YES;
				ONLY_ACTIVE_ARCH = YES;
				SDKROOT = iphoneos;
				SWIFT_ACTIVE_COMPILATION_CONDITIONS = DEBUG;
				SWIFT_COMPILATION_MODE = singlefile;
				SWIFT_OPTIMIZATION_LEVEL = "-Onone";
			};
			name = Debug;
		};
		26BE76ED2094034700C34B71 /* Release */ = {
			isa = XCBuildConfiguration;
			buildSettings = {
				ALWAYS_SEARCH_USER_PATHS = NO;
				CLANG_ANALYZER_NONNULL = YES;
				CLANG_ANALYZER_NUMBER_OBJECT_CONVERSION = YES_AGGRESSIVE;
				CLANG_CXX_LANGUAGE_STANDARD = "gnu++14";
				CLANG_CXX_LIBRARY = "libc++";
				CLANG_ENABLE_MODULES = YES;
				CLANG_ENABLE_OBJC_ARC = YES;
				CLANG_ENABLE_OBJC_WEAK = YES;
				CLANG_WARN_BLOCK_CAPTURE_AUTORELEASING = YES;
				CLANG_WARN_BOOL_CONVERSION = YES;
				CLANG_WARN_COMMA = YES;
				CLANG_WARN_CONSTANT_CONVERSION = YES;
				CLANG_WARN_DEPRECATED_OBJC_IMPLEMENTATIONS = YES;
				CLANG_WARN_DIRECT_OBJC_ISA_USAGE = YES_ERROR;
				CLANG_WARN_DOCUMENTATION_COMMENTS = YES;
				CLANG_WARN_EMPTY_BODY = YES;
				CLANG_WARN_ENUM_CONVERSION = YES;
				CLANG_WARN_INFINITE_RECURSION = YES;
				CLANG_WARN_INT_CONVERSION = YES;
				CLANG_WARN_NON_LITERAL_NULL_CONVERSION = YES;
				CLANG_WARN_OBJC_IMPLICIT_RETAIN_SELF = YES;
				CLANG_WARN_OBJC_LITERAL_CONVERSION = YES;
				CLANG_WARN_OBJC_ROOT_CLASS = YES_ERROR;
				CLANG_WARN_RANGE_LOOP_ANALYSIS = YES;
				CLANG_WARN_STRICT_PROTOTYPES = YES;
				CLANG_WARN_SUSPICIOUS_MOVE = YES;
				CLANG_WARN_UNGUARDED_AVAILABILITY = YES_AGGRESSIVE;
				CLANG_WARN_UNREACHABLE_CODE = YES;
				CLANG_WARN__DUPLICATE_METHOD_MATCH = YES;
				CODE_SIGN_IDENTITY = "iPhone Developer";
				COPY_PHASE_STRIP = NO;
				DEBUG_INFORMATION_FORMAT = "dwarf-with-dsym";
				ENABLE_NS_ASSERTIONS = NO;
				ENABLE_STRICT_OBJC_MSGSEND = YES;
				GCC_C_LANGUAGE_STANDARD = gnu11;
				GCC_NO_COMMON_BLOCKS = YES;
				GCC_WARN_64_TO_32_BIT_CONVERSION = YES;
				GCC_WARN_ABOUT_RETURN_TYPE = YES_ERROR;
				GCC_WARN_UNDECLARED_SELECTOR = YES;
				GCC_WARN_UNINITIALIZED_AUTOS = YES_AGGRESSIVE;
				GCC_WARN_UNUSED_FUNCTION = YES;
				GCC_WARN_UNUSED_VARIABLE = YES;
				IPHONEOS_DEPLOYMENT_TARGET = 11.3;
				MTL_ENABLE_DEBUG_INFO = NO;
				SDKROOT = iphoneos;
				SWIFT_COMPILATION_MODE = wholemodule;
				SWIFT_OPTIMIZATION_LEVEL = "-O";
				VALIDATE_PRODUCT = YES;
			};
			name = Release;
		};
		26BE76EF2094034700C34B71 /* Debug */ = {
			isa = XCBuildConfiguration;
			baseConfigurationReference = 752E73323600171D72B7489D /* Pods-News Feed.debug.xcconfig */;
			buildSettings = {
				ASSETCATALOG_COMPILER_APPICON_NAME = AppIcon;
				CODE_SIGN_STYLE = Automatic;
				INFOPLIST_FILE = "News Feed/Info.plist";
				LD_RUNPATH_SEARCH_PATHS = (
					"$(inherited)",
					"@executable_path/Frameworks",
				);
				PRODUCT_BUNDLE_IDENTIFIER = "mycompany.News-Feed";
				PRODUCT_NAME = "$(TARGET_NAME)";
				SWIFT_VERSION = 4.2;
				TARGETED_DEVICE_FAMILY = "1,2";
			};
			name = Debug;
		};
		26BE76F02094034700C34B71 /* Release */ = {
			isa = XCBuildConfiguration;
			baseConfigurationReference = 0EBE1CA19F6DF0AA56487FC8 /* Pods-News Feed.release.xcconfig */;
			buildSettings = {
				ASSETCATALOG_COMPILER_APPICON_NAME = AppIcon;
				CODE_SIGN_STYLE = Automatic;
				INFOPLIST_FILE = "News Feed/Info.plist";
				LD_RUNPATH_SEARCH_PATHS = (
					"$(inherited)",
					"@executable_path/Frameworks",
				);
				PRODUCT_BUNDLE_IDENTIFIER = "mycompany.News-Feed";
				PRODUCT_NAME = "$(TARGET_NAME)";
				SWIFT_VERSION = 4.2;
				TARGETED_DEVICE_FAMILY = "1,2";
			};
			name = Release;
		};
/* End XCBuildConfiguration section */

/* Begin XCConfigurationList section */
		26BE76D72094033B00C34B71 /* Build configuration list for PBXProject "News Feed" */ = {
			isa = XCConfigurationList;
			buildConfigurations = (
				26BE76EC2094034700C34B71 /* Debug */,
				26BE76ED2094034700C34B71 /* Release */,
			);
			defaultConfigurationIsVisible = 0;
			defaultConfigurationName = Release;
		};
		26BE76EE2094034700C34B71 /* Build configuration list for PBXNativeTarget "News Feed" */ = {
			isa = XCConfigurationList;
			buildConfigurations = (
				26BE76EF2094034700C34B71 /* Debug */,
				26BE76F02094034700C34B71 /* Release */,
			);
			defaultConfigurationIsVisible = 0;
			defaultConfigurationName = Release;
		};
/* End XCConfigurationList section */
	};
	rootObject = 26BE76D42094033B00C34B71 /* Project object */;
}
